// !$*UTF8*$!
{
	archiveVersion = 1;
	classes = {
	};
	objectVersion = 50;
	objects = {

/* Begin PBXBuildFile section */
		E0351BD023F40E05007EA467 /* main.cpp in Sources */ = {isa = PBXBuildFile; fileRef = E0351BCF23F40E05007EA467 /* main.cpp */; };
		E0351BD823F40F24007EA467 /* OpenGL.framework in Frameworks */ = {isa = PBXBuildFile; fileRef = E0351BD723F40F24007EA467 /* OpenGL.framework */; };
		E0351BDA23F40F77007EA467 /* libGLEW.2.1.0.dylib in Frameworks */ = {isa = PBXBuildFile; fileRef = E0351BD923F40F76007EA467 /* libGLEW.2.1.0.dylib */; };
		E0351BDC23F40FD2007EA467 /* libglfw.3.3.dylib in Frameworks */ = {isa = PBXBuildFile; fileRef = E0351BDB23F40FD2007EA467 /* libglfw.3.3.dylib */; };
		E0351BDE23F4100C007EA467 /* libSDL2-2.0.0.dylib in Frameworks */ = {isa = PBXBuildFile; fileRef = E0351BDD23F4100C007EA467 /* libSDL2-2.0.0.dylib */; };
		E0351BE023F410A4007EA467 /* libassimp.5.0.0.dylib in Frameworks */ = {isa = PBXBuildFile; fileRef = E0351BDF23F410A4007EA467 /* libassimp.5.0.0.dylib */; };
		E0351BE323F41354007EA467 /* engine.cpp in Sources */ = {isa = PBXBuildFile; fileRef = E0351BE123F41354007EA467 /* engine.cpp */; };
		E0351BE623F413AE007EA467 /* input.cpp in Sources */ = {isa = PBXBuildFile; fileRef = E0351BE423F413AE007EA467 /* input.cpp */; };
		E0351BE923F413FA007EA467 /* profiling.cpp in Sources */ = {isa = PBXBuildFile; fileRef = E0351BE723F413FA007EA467 /* profiling.cpp */; };
		E0351BEC23F41421007EA467 /* util.cpp in Sources */ = {isa = PBXBuildFile; fileRef = E0351BEA23F41421007EA467 /* util.cpp */; };
/* End PBXBuildFile section */

/* Begin PBXCopyFilesBuildPhase section */
		E0351BCA23F40E05007EA467 /* CopyFiles */ = {
			isa = PBXCopyFilesBuildPhase;
			buildActionMask = 2147483647;
			dstPath = /usr/share/man/man1/;
			dstSubfolderSpec = 0;
			files = (
			);
			runOnlyForDeploymentPostprocessing = 1;
		};
/* End PBXCopyFilesBuildPhase section */

/* Begin PBXFileReference section */
		E0351BCC23F40E05007EA467 /* PlayingWithShadows */ = {isa = PBXFileReference; explicitFileType = "compiled.mach-o.executable"; includeInIndex = 0; path = PlayingWithShadows; sourceTree = BUILT_PRODUCTS_DIR; };
		E0351BCF23F40E05007EA467 /* main.cpp */ = {isa = PBXFileReference; lastKnownFileType = sourcecode.cpp.cpp; path = main.cpp; sourceTree = "<group>"; };
		E0351BD723F40F24007EA467 /* OpenGL.framework */ = {isa = PBXFileReference; lastKnownFileType = wrapper.framework; name = OpenGL.framework; path = System/Library/Frameworks/OpenGL.framework; sourceTree = SDKROOT; };
		E0351BD923F40F76007EA467 /* libGLEW.2.1.0.dylib */ = {isa = PBXFileReference; lastKnownFileType = "compiled.mach-o.dylib"; name = libGLEW.2.1.0.dylib; path = ../../../../../usr/local/Cellar/glew/2.1.0_1/lib/libGLEW.2.1.0.dylib; sourceTree = "<group>"; };
		E0351BDB23F40FD2007EA467 /* libglfw.3.3.dylib */ = {isa = PBXFileReference; lastKnownFileType = "compiled.mach-o.dylib"; name = libglfw.3.3.dylib; path = ../../../../../usr/local/Cellar/glfw/3.3.2/lib/libglfw.3.3.dylib; sourceTree = "<group>"; };
		E0351BDD23F4100C007EA467 /* libSDL2-2.0.0.dylib */ = {isa = PBXFileReference; lastKnownFileType = "compiled.mach-o.dylib"; name = "libSDL2-2.0.0.dylib"; path = "../../../../../usr/local/Cellar/sdl2/2.0.10/lib/libSDL2-2.0.0.dylib"; sourceTree = "<group>"; };
		E0351BDF23F410A4007EA467 /* libassimp.5.0.0.dylib */ = {isa = PBXFileReference; lastKnownFileType = "compiled.mach-o.dylib"; name = libassimp.5.0.0.dylib; path = ../../../../../usr/local/Cellar/assimp/5.0.1/lib/libassimp.5.0.0.dylib; sourceTree = "<group>"; };
		E0351BE123F41354007EA467 /* engine.cpp */ = {isa = PBXFileReference; lastKnownFileType = sourcecode.cpp.cpp; name = engine.cpp; path = Core/engine.cpp; sourceTree = "<group>"; };
		E0351BE223F41354007EA467 /* engine.hpp */ = {isa = PBXFileReference; lastKnownFileType = sourcecode.cpp.h; name = engine.hpp; path = Core/engine.hpp; sourceTree = "<group>"; };
		E0351BE423F413AE007EA467 /* input.cpp */ = {isa = PBXFileReference; lastKnownFileType = sourcecode.cpp.cpp; name = input.cpp; path = Core/input.cpp; sourceTree = "<group>"; };
		E0351BE523F413AE007EA467 /* input.hpp */ = {isa = PBXFileReference; lastKnownFileType = sourcecode.cpp.h; name = input.hpp; path = Core/input.hpp; sourceTree = "<group>"; };
		E0351BE723F413FA007EA467 /* profiling.cpp */ = {isa = PBXFileReference; lastKnownFileType = sourcecode.cpp.cpp; name = profiling.cpp; path = Core/profiling.cpp; sourceTree = "<group>"; };
		E0351BE823F413FA007EA467 /* profiling.hpp */ = {isa = PBXFileReference; lastKnownFileType = sourcecode.cpp.h; name = profiling.hpp; path = Core/profiling.hpp; sourceTree = "<group>"; };
		E0351BEA23F41421007EA467 /* util.cpp */ = {isa = PBXFileReference; lastKnownFileType = sourcecode.cpp.cpp; name = util.cpp; path = Core/util.cpp; sourceTree = "<group>"; };
		E0351BEB23F41421007EA467 /* util.hpp */ = {isa = PBXFileReference; lastKnownFileType = sourcecode.cpp.h; name = util.hpp; path = Core/util.hpp; sourceTree = "<group>"; };
/* End PBXFileReference section */

/* Begin PBXFrameworksBuildPhase section */
		E0351BC923F40E05007EA467 /* Frameworks */ = {
			isa = PBXFrameworksBuildPhase;
			buildActionMask = 2147483647;
			files = (
				E0351BE023F410A4007EA467 /* libassimp.5.0.0.dylib in Frameworks */,
				E0351BDE23F4100C007EA467 /* libSDL2-2.0.0.dylib in Frameworks */,
				E0351BDC23F40FD2007EA467 /* libglfw.3.3.dylib in Frameworks */,
				E0351BDA23F40F77007EA467 /* libGLEW.2.1.0.dylib in Frameworks */,
				E0351BD823F40F24007EA467 /* OpenGL.framework in Frameworks */,
			);
			runOnlyForDeploymentPostprocessing = 0;
		};
/* End PBXFrameworksBuildPhase section */

/* Begin PBXGroup section */
		E0351BC323F40E05007EA467 = {
			isa = PBXGroup;
			children = (
				E0351BCE23F40E05007EA467 /* PlayingWithShadows */,
				E0351BCD23F40E05007EA467 /* Products */,
				E0351BD623F40F24007EA467 /* Frameworks */,
			);
			sourceTree = "<group>";
		};
		E0351BCD23F40E05007EA467 /* Products */ = {
			isa = PBXGroup;
			children = (
				E0351BCC23F40E05007EA467 /* PlayingWithShadows */,
			);
			name = Products;
			sourceTree = "<group>";
		};
		E0351BCE23F40E05007EA467 /* PlayingWithShadows */ = {
			isa = PBXGroup;
			children = (
				E0351BCF23F40E05007EA467 /* main.cpp */,
				E0351BE123F41354007EA467 /* engine.cpp */,
				E0351BE223F41354007EA467 /* engine.hpp */,
				E0351BE423F413AE007EA467 /* input.cpp */,
				E0351BE523F413AE007EA467 /* input.hpp */,
				E0351BE723F413FA007EA467 /* profiling.cpp */,
				E0351BE823F413FA007EA467 /* profiling.hpp */,
				E0351BEA23F41421007EA467 /* util.cpp */,
				E0351BEB23F41421007EA467 /* util.hpp */,
			);
			path = PlayingWithShadows;
			sourceTree = "<group>";
		};
		E0351BD623F40F24007EA467 /* Frameworks */ = {
			isa = PBXGroup;
			children = (
				E0351BDF23F410A4007EA467 /* libassimp.5.0.0.dylib */,
				E0351BDD23F4100C007EA467 /* libSDL2-2.0.0.dylib */,
				E0351BDB23F40FD2007EA467 /* libglfw.3.3.dylib */,
				E0351BD923F40F76007EA467 /* libGLEW.2.1.0.dylib */,
				E0351BD723F40F24007EA467 /* OpenGL.framework */,
			);
			name = Frameworks;
			sourceTree = "<group>";
		};
/* End PBXGroup section */

/* Begin PBXNativeTarget section */
		E0351BCB23F40E05007EA467 /* PlayingWithShadows */ = {
			isa = PBXNativeTarget;
			buildConfigurationList = E0351BD323F40E05007EA467 /* Build configuration list for PBXNativeTarget "PlayingWithShadows" */;
			buildPhases = (
				E0351BC823F40E05007EA467 /* Sources */,
				E0351BC923F40E05007EA467 /* Frameworks */,
				E0351BCA23F40E05007EA467 /* CopyFiles */,
			);
			buildRules = (
			);
			dependencies = (
			);
			name = PlayingWithShadows;
			productName = PlayingWithShadows;
			productReference = E0351BCC23F40E05007EA467 /* PlayingWithShadows */;
			productType = "com.apple.product-type.tool";
		};
/* End PBXNativeTarget section */

/* Begin PBXProject section */
		E0351BC423F40E05007EA467 /* Project object */ = {
			isa = PBXProject;
			attributes = {
				LastUpgradeCheck = 0940;
				ORGANIZATIONNAME = "Filipe Marques";
				TargetAttributes = {
					E0351BCB23F40E05007EA467 = {
						CreatedOnToolsVersion = 9.4.1;
					};
				};
			};
			buildConfigurationList = E0351BC723F40E05007EA467 /* Build configuration list for PBXProject "PlayingWithShadows" */;
			compatibilityVersion = "Xcode 9.3";
			developmentRegion = en;
			hasScannedForEncodings = 0;
			knownRegions = (
				en,
			);
			mainGroup = E0351BC323F40E05007EA467;
			productRefGroup = E0351BCD23F40E05007EA467 /* Products */;
			projectDirPath = "";
			projectRoot = "";
			targets = (
				E0351BCB23F40E05007EA467 /* PlayingWithShadows */,
			);
		};
/* End PBXProject section */

/* Begin PBXSourcesBuildPhase section */
		E0351BC823F40E05007EA467 /* Sources */ = {
			isa = PBXSourcesBuildPhase;
			buildActionMask = 2147483647;
			files = (
				E0351BE923F413FA007EA467 /* profiling.cpp in Sources */,
				E0351BD023F40E05007EA467 /* main.cpp in Sources */,
				E0351BE323F41354007EA467 /* engine.cpp in Sources */,
				E0351BEC23F41421007EA467 /* util.cpp in Sources */,
				E0351BE623F413AE007EA467 /* input.cpp in Sources */,
			);
			runOnlyForDeploymentPostprocessing = 0;
		};
/* End PBXSourcesBuildPhase section */

/* Begin XCBuildConfiguration section */
		E0351BD123F40E05007EA467 /* Debug */ = {
			isa = XCBuildConfiguration;
			buildSettings = {
				ALWAYS_SEARCH_USER_PATHS = NO;
				CLANG_ANALYZER_NONNULL = YES;
				CLANG_ANALYZER_NUMBER_OBJECT_CONVERSION = YES_AGGRESSIVE;
				CLANG_CXX_LANGUAGE_STANDARD = "gnu++14";
				CLANG_CXX_LIBRARY = "libc++";
				CLANG_ENABLE_MODULES = YES;
				CLANG_ENABLE_OBJC_ARC = YES;
				CLANG_ENABLE_OBJC_WEAK = YES;
				CLANG_WARN_BLOCK_CAPTURE_AUTORELEASING = YES;
				CLANG_WARN_BOOL_CONVERSION = YES;
				CLANG_WARN_COMMA = YES;
				CLANG_WARN_CONSTANT_CONVERSION = YES;
				CLANG_WARN_DEPRECATED_OBJC_IMPLEMENTATIONS = YES;
				CLANG_WARN_DIRECT_OBJC_ISA_USAGE = YES_ERROR;
				CLANG_WARN_DOCUMENTATION_COMMENTS = YES;
				CLANG_WARN_EMPTY_BODY = YES;
				CLANG_WARN_ENUM_CONVERSION = YES;
				CLANG_WARN_INFINITE_RECURSION = YES;
				CLANG_WARN_INT_CONVERSION = YES;
				CLANG_WARN_NON_LITERAL_NULL_CONVERSION = YES;
				CLANG_WARN_OBJC_IMPLICIT_RETAIN_SELF = YES;
				CLANG_WARN_OBJC_LITERAL_CONVERSION = YES;
				CLANG_WARN_OBJC_ROOT_CLASS = YES_ERROR;
				CLANG_WARN_RANGE_LOOP_ANALYSIS = YES;
				CLANG_WARN_STRICT_PROTOTYPES = YES;
				CLANG_WARN_SUSPICIOUS_MOVE = YES;
				CLANG_WARN_UNGUARDED_AVAILABILITY = YES_AGGRESSIVE;
				CLANG_WARN_UNREACHABLE_CODE = YES;
				CLANG_WARN__DUPLICATE_METHOD_MATCH = YES;
				CODE_SIGN_IDENTITY = "-";
				COPY_PHASE_STRIP = NO;
				DEBUG_INFORMATION_FORMAT = dwarf;
				ENABLE_STRICT_OBJC_MSGSEND = YES;
				ENABLE_TESTABILITY = YES;
				GCC_C_LANGUAGE_STANDARD = gnu11;
				GCC_DYNAMIC_NO_PIC = NO;
				GCC_NO_COMMON_BLOCKS = YES;
				GCC_OPTIMIZATION_LEVEL = 0;
				GCC_PREPROCESSOR_DEFINITIONS = (
					"DEBUG=1",
					"$(inherited)",
				);
				GCC_WARN_64_TO_32_BIT_CONVERSION = YES;
				GCC_WARN_ABOUT_RETURN_TYPE = YES_ERROR;
				GCC_WARN_UNDECLARED_SELECTOR = YES;
				GCC_WARN_UNINITIALIZED_AUTOS = YES_AGGRESSIVE;
				GCC_WARN_UNUSED_FUNCTION = YES;
				GCC_WARN_UNUSED_VARIABLE = YES;
				MACOSX_DEPLOYMENT_TARGET = 10.14;
				MTL_ENABLE_DEBUG_INFO = YES;
				ONLY_ACTIVE_ARCH = YES;
				SDKROOT = macosx;
			};
			name = Debug;
		};
		E0351BD223F40E05007EA467 /* Release */ = {
			isa = XCBuildConfiguration;
			buildSettings = {
				ALWAYS_SEARCH_USER_PATHS = NO;
				CLANG_ANALYZER_NONNULL = YES;
				CLANG_ANALYZER_NUMBER_OBJECT_CONVERSION = YES_AGGRESSIVE;
				CLANG_CXX_LANGUAGE_STANDARD = "gnu++14";
				CLANG_CXX_LIBRARY = "libc++";
				CLANG_ENABLE_MODULES = YES;
				CLANG_ENABLE_OBJC_ARC = YES;
				CLANG_ENABLE_OBJC_WEAK = YES;
				CLANG_WARN_BLOCK_CAPTURE_AUTORELEASING = YES;
				CLANG_WARN_BOOL_CONVERSION = YES;
				CLANG_WARN_COMMA = YES;
				CLANG_WARN_CONSTANT_CONVERSION = YES;
				CLANG_WARN_DEPRECATED_OBJC_IMPLEMENTATIONS = YES;
				CLANG_WARN_DIRECT_OBJC_ISA_USAGE = YES_ERROR;
				CLANG_WARN_DOCUMENTATION_COMMENTS = YES;
				CLANG_WARN_EMPTY_BODY = YES;
				CLANG_WARN_ENUM_CONVERSION = YES;
				CLANG_WARN_INFINITE_RECURSION = YES;
				CLANG_WARN_INT_CONVERSION = YES;
				CLANG_WARN_NON_LITERAL_NULL_CONVERSION = YES;
				CLANG_WARN_OBJC_IMPLICIT_RETAIN_SELF = YES;
				CLANG_WARN_OBJC_LITERAL_CONVERSION = YES;
				CLANG_WARN_OBJC_ROOT_CLASS = YES_ERROR;
				CLANG_WARN_RANGE_LOOP_ANALYSIS = YES;
				CLANG_WARN_STRICT_PROTOTYPES = YES;
				CLANG_WARN_SUSPICIOUS_MOVE = YES;
				CLANG_WARN_UNGUARDED_AVAILABILITY = YES_AGGRESSIVE;
				CLANG_WARN_UNREACHABLE_CODE = YES;
				CLANG_WARN__DUPLICATE_METHOD_MATCH = YES;
				CODE_SIGN_IDENTITY = "-";
				COPY_PHASE_STRIP = NO;
				DEBUG_INFORMATION_FORMAT = "dwarf-with-dsym";
				ENABLE_NS_ASSERTIONS = NO;
				ENABLE_STRICT_OBJC_MSGSEND = YES;
				GCC_C_LANGUAGE_STANDARD = gnu11;
				GCC_NO_COMMON_BLOCKS = YES;
				GCC_WARN_64_TO_32_BIT_CONVERSION = YES;
				GCC_WARN_ABOUT_RETURN_TYPE = YES_ERROR;
				GCC_WARN_UNDECLARED_SELECTOR = YES;
				GCC_WARN_UNINITIALIZED_AUTOS = YES_AGGRESSIVE;
				GCC_WARN_UNUSED_FUNCTION = YES;
				GCC_WARN_UNUSED_VARIABLE = YES;
				MACOSX_DEPLOYMENT_TARGET = 10.14;
				MTL_ENABLE_DEBUG_INFO = NO;
				SDKROOT = macosx;
			};
			name = Release;
		};
		E0351BD423F40E05007EA467 /* Debug */ = {
			isa = XCBuildConfiguration;
			buildSettings = {
				CODE_SIGN_STYLE = Automatic;
				HEADER_SEARCH_PATHS = (
					/usr/local/Cellar/glm/0.9.9.5/include,
					/usr/local/include,
				);
				LIBRARY_SEARCH_PATHS = (
					"$(inherited)",
					/usr/local/Cellar/glew/2.1.0_1/lib,
					/usr/local/Cellar/glfw/3.3.2/lib,
					/usr/local/Cellar/sdl2/2.0.10/lib,
					/usr/local/Cellar/assimp/5.0.1/lib,
				);
				PRODUCT_NAME = "$(TARGET_NAME)";
			};
			name = Debug;
		};
		E0351BD523F40E05007EA467 /* Release */ = {
			isa = XCBuildConfiguration;
			buildSettings = {
				CODE_SIGN_STYLE = Automatic;
				HEADER_SEARCH_PATHS = (
					/usr/local/Cellar/glm/0.9.9.5/include,
					/usr/local/include,
				);
				LIBRARY_SEARCH_PATHS = (
					"$(inherited)",
					/usr/local/Cellar/glew/2.1.0_1/lib,
					/usr/local/Cellar/glfw/3.3.2/lib,
					/usr/local/Cellar/sdl2/2.0.10/lib,
					/usr/local/Cellar/assimp/5.0.1/lib,
				);
				PRODUCT_NAME = "$(TARGET_NAME)";
			};
			name = Release;
		};
/* End XCBuildConfiguration section */

/* Begin XCConfigurationList section */
		E0351BC723F40E05007EA467 /* Build configuration list for PBXProject "PlayingWithShadows" */ = {
			isa = XCConfigurationList;
			buildConfigurations = (
				E0351BD123F40E05007EA467 /* Debug */,
				E0351BD223F40E05007EA467 /* Release */,
			);
			defaultConfigurationIsVisible = 0;
			defaultConfigurationName = Release;
		};
		E0351BD323F40E05007EA467 /* Build configuration list for PBXNativeTarget "PlayingWithShadows" */ = {
			isa = XCConfigurationList;
			buildConfigurations = (
				E0351BD423F40E05007EA467 /* Debug */,
				E0351BD523F40E05007EA467 /* Release */,
			);
			defaultConfigurationIsVisible = 0;
			defaultConfigurationName = Release;
		};
/* End XCConfigurationList section */
	};
	rootObject = E0351BC423F40E05007EA467 /* Project object */;
}
